{
    "_meta": {
        "hash": {
            "sha256": "3a1f00c51cbd993a21a476ff7c34a5bbee73f3d4a59f75dfb18411672bd8e0dc"
        },
        "pipfile-spec": 6,
        "requires": {
            "python_version": "3.11"
        },
        "sources": [
            {
                "name": "pypi",
                "url": "https://pypi.org/simple",
                "verify_ssl": true
            }
        ]
    },
    "default": {
        "asgiref": {
            "hashes": [
                "sha256:30fc07797ad71a0abb8fe34aa03c8043308a8389abc7942d797ea9911540bc28",
                "sha256:ec75d9d0f04e2dbfedef1f20ee73a6594af80c333df47cdd31f37e6701f7c53a"
            ],
            "markers": "python_version >= '3.8'",
            "version": "==3.8.0"
        },
        "django": {
            "hashes": [
                "sha256:5c7d748ad113a81b2d44750ccc41edc14e933f56581683db548c9257e078cc83",
                "sha256:5fb37580dcf4a262f9258c1f4373819aacca906431f505e4688e37f3a99195df"
            ],
            "index": "pypi",
            "markers": "python_version >= '3.10'",
            "version": "==5.0.3"
        },
        "django-cors-headers": {
            "hashes": [
                "sha256:0b1fd19297e37417fc9f835d39e45c8c642938ddba1acce0c1753d3edef04f36",
                "sha256:0bf65ef45e606aff1994d35503e6b677c0b26cafff6506f8fd7187f3be840207"
            ],
            "index": "pypi",
            "markers": "python_version >= '3.8'",
            "version": "==4.3.1"
        },
        "django-filter": {
            "hashes": [
                "sha256:335bcae6cbd3e984b024841070f567b22faea57594f27d37c52f8f131f8d8621",
                "sha256:65cb43ce272077e5ac6aae1054d76c121cd6b552e296a82a13921e9371baf8c1"
            ],
            "index": "pypi",
            "markers": "python_version >= '3.8'",
            "version": "==24.1"
        },
        "djangorestframework": {
            "hashes": [
                "sha256:3f4a263012e1b263bf49a4907eb4cfe14de840a09b1ba64596d01a9c54835919",
                "sha256:5fa616048a7ec287fdaab3148aa5151efb73f7f8be1e23a9d18484e61e672695"
            ],
            "index": "pypi",
            "markers": "python_version >= '3.6'",
            "version": "==3.15.0"
        },
        "markdown": {
            "hashes": [
                "sha256:48f276f4d8cfb8ce6527c8f79e2ee29708508bf4d40aa410fbc3b4ee832c850f",
                "sha256:ed4f41f6daecbeeb96e576ce414c41d2d876daa9a16cb35fa8ed8c2ddfad0224"
            ],
            "index": "pypi",
            "markers": "python_version >= '3.8'",
            "version": "==3.6"
        },
        "sqlparse": {
            "hashes": [
                "sha256:5430a4fe2ac7d0f93e66f1efc6e1338a41884b7ddf2a350cedd20ccc4d9d28f3",
                "sha256:d446183e84b8349fa3061f0fe7f06ca94ba65b426946ffebe6e3e8295332420c"
            ],
            "markers": "python_version >= '3.5'",
            "version": "==0.4.4"
        },
        "tzdata": {
            "hashes": [
                "sha256:2674120f8d891909751c38abcdfd386ac0a5a1127954fbc332af6b5ceae07efd",
                "sha256:9068bc196136463f5245e51efda838afa15aaeca9903f49050dfa2679db4d252"
            ],
            "markers": "sys_platform == 'win32'",
            "version": "==2024.1"
        }
    },
    "develop": {}
}
